
Microsoft Visual Studio Solution File, Format Version 12.00
# Visual Studio Version 17
VisualStudioVersion = 17.14.36310.24
MinimumVisualStudioVersion = 10.0.40219.1
Project("{FAE04EC0-301F-11D3-BF4B-00C04F79EFBC}") = "EnsinE.CRM", "EnsinE.CRM\EnsinE.CRM.csproj", "{B932BE50-CF97-430B-9833-EB880C9DE422}"
EndProject
Global
	GlobalSection(SolutionConfigurationPlatforms) = preSolution
		Debug|Any CPU = Debug|Any CPU
		Release|Any CPU = Release|Any CPU
	EndGlobalSection
	GlobalSection(ProjectConfigurationPlatforms) = postSolution
		{B932BE50-CF97-430B-9833-EB880C9DE422}.Debug|Any CPU.ActiveCfg = Debug|Any CPU
		{B932BE50-CF97-430B-9833-EB880C9DE422}.Debug|Any CPU.Build.0 = Debug|Any CPU
		{B932BE50-CF97-430B-9833-EB880C9DE422}.Release|Any CPU.ActiveCfg = Release|Any CPU
		{B932BE50-CF97-430B-9833-EB880C9DE422}.Release|Any CPU.Build.0 = Release|Any CPU
	EndGlobalSection
	GlobalSection(SolutionProperties) = preSolution
		HideSolutionNode = FALSE
	EndGlobalSection
	GlobalSection(ExtensibilityGlobals) = postSolution
		SolutionGuid = {754650B9-DADD-48A6-8AD8-E757812EF947}
	EndGlobalSection
EndGlobal
